
Microsoft Visual Studio Solution File, Format Version 12.00
# Visual Studio Version 17
VisualStudioVersion = 17.5.33424.131
MinimumVisualStudioVersion = 10.0.40219.1
Project("{2150E333-8FDC-42A3-9474-1A3956D46DE8}") = "01.Classes", "01.Classes", "{047B1BFC-0058-44F3-904A-BD6FD13DEEE6}"
EndProject
Project("{2150E333-8FDC-42A3-9474-1A3956D46DE8}") = "02.Abstraction", "02.Abstraction", "{F5B079BD-FD1D-4183-9208-7C08A694CCA5}"
EndProject
Project("{2150E333-8FDC-42A3-9474-1A3956D46DE8}") = "03.Encapsulation", "03.Encapsulation", "{CA30BAA4-401D-45C8-9CB7-4EE3D1C64021}"
EndProject
Project("{2150E333-8FDC-42A3-9474-1A3956D46DE8}") = "04.Inheritance", "04.Inheritance", "{6120EBAB-5555-45E4-98DE-729415030D18}"
EndProject
Project("{2150E333-8FDC-42A3-9474-1A3956D46DE8}") = "05.Interfaces", "05.Interfaces", "{72816962-9A4E-466E-94AD-C078F8F621C4}"
EndProject
Project("{2150E333-8FDC-42A3-9474-1A3956D46DE8}") = "06.Polymorphism", "06.Polymorphism", "{BD824F09-78A4-4062-B67E-32DC54FC55BA}"
EndProject
Project("{9A19103F-16F7-4668-BE54-9A1E7A4F7556}") = "03.Methods", "03.Methods\03.Methods.csproj", "{1209580A-3807-489E-A414-5BB936D413A7}"
EndProject
Project("{9A19103F-16F7-4668-BE54-9A1E7A4F7556}") = "04.ClassSeparation", "04.ClassSeparation\04.ClassSeparation.csproj", "{6E7DC38C-19CB-49B6-8AC0-C89DE224E962}"
EndProject
Project("{9A19103F-16F7-4668-BE54-9A1E7A4F7556}") = "05.BaseConstructors", "05.BaseConstructors\05.BaseConstructors.csproj", "{45B82965-DD14-4562-AC8A-AB48AB205858}"
EndProject
Project("{9A19103F-16F7-4668-BE54-9A1E7A4F7556}") = "06.Override", "06.Override\06.Override.csproj", "{FA4A27AD-07AF-4EF9-BA50-CA7D241F2AB7}"
EndProject
Project("{9A19103F-16F7-4668-BE54-9A1E7A4F7556}") = "07.EncapsulateFields", "07.EncapsulateFields\07.EncapsulateFields.csproj", "{B8CCE2C6-98A6-4B50-9991-B42FC694E5E1}"
EndProject
Project("{9A19103F-16F7-4668-BE54-9A1E7A4F7556}") = "08.GettersSetters", "08.GettersSetters\08.GettersSetters.csproj", "{3E71F22A-2789-4E5E-8D1D-CB233401AAF3}"
EndProject
Project("{9A19103F-16F7-4668-BE54-9A1E7A4F7556}") = "09.Validation", "09.Validation\09.Validation.csproj", "{FF167BDD-5C2C-46A6-AB72-B05F8F9A0C73}"
EndProject
Project("{9A19103F-16F7-4668-BE54-9A1E7A4F7556}") = "10.EncapsulateLogic", "10.EncapsulateLogic\10.EncapsulateLogic.csproj", "{B38D9EC6-D5A4-4615-81D6-EC9CAE5089D6}"
EndProject
Project("{9A19103F-16F7-4668-BE54-9A1E7A4F7556}") = "11.SingleInheritance", "11.SingleInheritance\11.SingleInheritance.csproj", "{F5BAA5D2-E99E-4CA0-A7AB-0C5596855751}"
EndProject
Project("{9A19103F-16F7-4668-BE54-9A1E7A4F7556}") = "12.MultipleInheritance", "12.MultipleInheritance\12.MultipleInheritance.csproj", "{99922FC1-67DD-4E49-8C73-A361C094A37F}"
EndProject
Project("{9A19103F-16F7-4668-BE54-9A1E7A4F7556}") = "13.HierarchicalInheritance", "13.HierarchicalInheritance\13.HierarchicalInheritance.csproj", "{F5D4D749-27A0-4ED0-885D-6F0D081FDBE2}"
EndProject
Project("{9A19103F-16F7-4668-BE54-9A1E7A4F7556}") = "14.Interfaces", "14.Interfaces\14.Interfaces.csproj", "{345460A1-0572-4F9F-BA48-DC460A94EEDA}"
EndProject
Project("{9A19103F-16F7-4668-BE54-9A1E7A4F7556}") = "15.InterfacesAs", "15.InterfacesAs\15.InterfacesAs.csproj", "{10E06DFC-A599-4B9D-AEE4-919FCFCC8616}"
EndProject
Project("{9A19103F-16F7-4668-BE54-9A1E7A4F7556}") = "16.IntefacesIs", "16.IntefacesIs\16.IntefacesIs.csproj", "{520F1D9E-7A16-4319-977D-07A6E8CC31C3}"
EndProject
Project("{9A19103F-16F7-4668-BE54-9A1E7A4F7556}") = "17.InterfacesAsArguments", "17.InterfacesAsArguments\17.InterfacesAsArguments.csproj", "{061F2AF9-4D4A-4138-97CA-3825D36EE8E0}"
EndProject
Project("{9A19103F-16F7-4668-BE54-9A1E7A4F7556}") = "18.InterfacesAsReturn", "18.InterfacesAsReturn\18.InterfacesAsReturn.csproj", "{F5A38A65-F3BB-44D0-9D58-0EBC36487B5B}"
EndProject
Project("{9A19103F-16F7-4668-BE54-9A1E7A4F7556}") = "19.InterfacesArrays", "19.InterfacesArrays\19.InterfacesArrays.csproj", "{24F943E3-AA8D-44E2-A852-A3392F164F68}"
EndProject
Project("{9A19103F-16F7-4668-BE54-9A1E7A4F7556}") = "20.AbstractClasses", "20.AbstractClasses\20.AbstractClasses.csproj", "{F7D890A6-B9EC-4BDD-B9D1-7B38517DE5C1}"
EndProject
Project("{2150E333-8FDC-42A3-9474-1A3956D46DE8}") = "BankOfDotNet PROJECT", "BankOfDotNet PROJECT", "{1C44EDC1-DACD-4BA0-9105-5D70E5E67248}"
EndProject
Project("{9A19103F-16F7-4668-BE54-9A1E7A4F7556}") = "BankOfDotNet", "BankOfDotNet\BankOfDotNet.csproj", "{4E6F0EA5-0A81-4637-9153-CC1341682FF4}"
EndProject
Project("{9A19103F-16F7-4668-BE54-9A1E7A4F7556}") = "01.DefiningClasses", "01.DefiningClasses\01.DefiningClasses.csproj", "{B643B9F1-3061-4D7F-AA90-1593723F8E6D}"
EndProject
Project("{9A19103F-16F7-4668-BE54-9A1E7A4F7556}") = "02.Constructors", "02.Constructors\02.Constructors.csproj", "{BACEC386-20A0-4B10-834F-2C9385475014}"
EndProject
Global
	GlobalSection(SolutionConfigurationPlatforms) = preSolution
		Debug|Any CPU = Debug|Any CPU
		Release|Any CPU = Release|Any CPU
	EndGlobalSection
	GlobalSection(ProjectConfigurationPlatforms) = postSolution
		{1209580A-3807-489E-A414-5BB936D413A7}.Debug|Any CPU.ActiveCfg = Debug|Any CPU
		{1209580A-3807-489E-A414-5BB936D413A7}.Debug|Any CPU.Build.0 = Debug|Any CPU
		{1209580A-3807-489E-A414-5BB936D413A7}.Release|Any CPU.ActiveCfg = Release|Any CPU
		{1209580A-3807-489E-A414-5BB936D413A7}.Release|Any CPU.Build.0 = Release|Any CPU
		{6E7DC38C-19CB-49B6-8AC0-C89DE224E962}.Debug|Any CPU.ActiveCfg = Debug|Any CPU
		{6E7DC38C-19CB-49B6-8AC0-C89DE224E962}.Debug|Any CPU.Build.0 = Debug|Any CPU
		{6E7DC38C-19CB-49B6-8AC0-C89DE224E962}.Release|Any CPU.ActiveCfg = Release|Any CPU
		{6E7DC38C-19CB-49B6-8AC0-C89DE224E962}.Release|Any CPU.Build.0 = Release|Any CPU
		{45B82965-DD14-4562-AC8A-AB48AB205858}.Debug|Any CPU.ActiveCfg = Debug|Any CPU
		{45B82965-DD14-4562-AC8A-AB48AB205858}.Debug|Any CPU.Build.0 = Debug|Any CPU
		{45B82965-DD14-4562-AC8A-AB48AB205858}.Release|Any CPU.ActiveCfg = Release|Any CPU
		{45B82965-DD14-4562-AC8A-AB48AB205858}.Release|Any CPU.Build.0 = Release|Any CPU
		{FA4A27AD-07AF-4EF9-BA50-CA7D241F2AB7}.Debug|Any CPU.ActiveCfg = Debug|Any CPU
		{FA4A27AD-07AF-4EF9-BA50-CA7D241F2AB7}.Debug|Any CPU.Build.0 = Debug|Any CPU
		{FA4A27AD-07AF-4EF9-BA50-CA7D241F2AB7}.Release|Any CPU.ActiveCfg = Release|Any CPU
		{FA4A27AD-07AF-4EF9-BA50-CA7D241F2AB7}.Release|Any CPU.Build.0 = Release|Any CPU
		{B8CCE2C6-98A6-4B50-9991-B42FC694E5E1}.Debug|Any CPU.ActiveCfg = Debug|Any CPU
		{B8CCE2C6-98A6-4B50-9991-B42FC694E5E1}.Debug|Any CPU.Build.0 = Debug|Any CPU
		{B8CCE2C6-98A6-4B50-9991-B42FC694E5E1}.Release|Any CPU.ActiveCfg = Release|Any CPU
		{B8CCE2C6-98A6-4B50-9991-B42FC694E5E1}.Release|Any CPU.Build.0 = Release|Any CPU
		{3E71F22A-2789-4E5E-8D1D-CB233401AAF3}.Debug|Any CPU.ActiveCfg = Debug|Any CPU
		{3E71F22A-2789-4E5E-8D1D-CB233401AAF3}.Debug|Any CPU.Build.0 = Debug|Any CPU
		{3E71F22A-2789-4E5E-8D1D-CB233401AAF3}.Release|Any CPU.ActiveCfg = Release|Any CPU
		{3E71F22A-2789-4E5E-8D1D-CB233401AAF3}.Release|Any CPU.Build.0 = Release|Any CPU
		{FF167BDD-5C2C-46A6-AB72-B05F8F9A0C73}.Debug|Any CPU.ActiveCfg = Debug|Any CPU
		{FF167BDD-5C2C-46A6-AB72-B05F8F9A0C73}.Debug|Any CPU.Build.0 = Debug|Any CPU
		{FF167BDD-5C2C-46A6-AB72-B05F8F9A0C73}.Release|Any CPU.ActiveCfg = Release|Any CPU
		{FF167BDD-5C2C-46A6-AB72-B05F8F9A0C73}.Release|Any CPU.Build.0 = Release|Any CPU
		{B38D9EC6-D5A4-4615-81D6-EC9CAE5089D6}.Debug|Any CPU.ActiveCfg = Debug|Any CPU
		{B38D9EC6-D5A4-4615-81D6-EC9CAE5089D6}.Debug|Any CPU.Build.0 = Debug|Any CPU
		{B38D9EC6-D5A4-4615-81D6-EC9CAE5089D6}.Release|Any CPU.ActiveCfg = Release|Any CPU
		{B38D9EC6-D5A4-4615-81D6-EC9CAE5089D6}.Release|Any CPU.Build.0 = Release|Any CPU
		{F5BAA5D2-E99E-4CA0-A7AB-0C5596855751}.Debug|Any CPU.ActiveCfg = Debug|Any CPU
		{F5BAA5D2-E99E-4CA0-A7AB-0C5596855751}.Debug|Any CPU.Build.0 = Debug|Any CPU
		{F5BAA5D2-E99E-4CA0-A7AB-0C5596855751}.Release|Any CPU.ActiveCfg = Release|Any CPU
		{F5BAA5D2-E99E-4CA0-A7AB-0C5596855751}.Release|Any CPU.Build.0 = Release|Any CPU
		{99922FC1-67DD-4E49-8C73-A361C094A37F}.Debug|Any CPU.ActiveCfg = Debug|Any CPU
		{99922FC1-67DD-4E49-8C73-A361C094A37F}.Debug|Any CPU.Build.0 = Debug|Any CPU
		{99922FC1-67DD-4E49-8C73-A361C094A37F}.Release|Any CPU.ActiveCfg = Release|Any CPU
		{99922FC1-67DD-4E49-8C73-A361C094A37F}.Release|Any CPU.Build.0 = Release|Any CPU
		{F5D4D749-27A0-4ED0-885D-6F0D081FDBE2}.Debug|Any CPU.ActiveCfg = Debug|Any CPU
		{F5D4D749-27A0-4ED0-885D-6F0D081FDBE2}.Debug|Any CPU.Build.0 = Debug|Any CPU
		{F5D4D749-27A0-4ED0-885D-6F0D081FDBE2}.Release|Any CPU.ActiveCfg = Release|Any CPU
		{F5D4D749-27A0-4ED0-885D-6F0D081FDBE2}.Release|Any CPU.Build.0 = Release|Any CPU
		{345460A1-0572-4F9F-BA48-DC460A94EEDA}.Debug|Any CPU.ActiveCfg = Debug|Any CPU
		{345460A1-0572-4F9F-BA48-DC460A94EEDA}.Debug|Any CPU.Build.0 = Debug|Any CPU
		{345460A1-0572-4F9F-BA48-DC460A94EEDA}.Release|Any CPU.ActiveCfg = Release|Any CPU
		{345460A1-0572-4F9F-BA48-DC460A94EEDA}.Release|Any CPU.Build.0 = Release|Any CPU
		{10E06DFC-A599-4B9D-AEE4-919FCFCC8616}.Debug|Any CPU.ActiveCfg = Debug|Any CPU
		{10E06DFC-A599-4B9D-AEE4-919FCFCC8616}.Debug|Any CPU.Build.0 = Debug|Any CPU
		{10E06DFC-A599-4B9D-AEE4-919FCFCC8616}.Release|Any CPU.ActiveCfg = Release|Any CPU
		{10E06DFC-A599-4B9D-AEE4-919FCFCC8616}.Release|Any CPU.Build.0 = Release|Any CPU
		{520F1D9E-7A16-4319-977D-07A6E8CC31C3}.Debug|Any CPU.ActiveCfg = Debug|Any CPU
		{520F1D9E-7A16-4319-977D-07A6E8CC31C3}.Debug|Any CPU.Build.0 = Debug|Any CPU
		{520F1D9E-7A16-4319-977D-07A6E8CC31C3}.Release|Any CPU.ActiveCfg = Release|Any CPU
		{520F1D9E-7A16-4319-977D-07A6E8CC31C3}.Release|Any CPU.Build.0 = Release|Any CPU
		{061F2AF9-4D4A-4138-97CA-3825D36EE8E0}.Debug|Any CPU.ActiveCfg = Debug|Any CPU
		{061F2AF9-4D4A-4138-97CA-3825D36EE8E0}.Debug|Any CPU.Build.0 = Debug|Any CPU
		{061F2AF9-4D4A-4138-97CA-3825D36EE8E0}.Release|Any CPU.ActiveCfg = Release|Any CPU
		{061F2AF9-4D4A-4138-97CA-3825D36EE8E0}.Release|Any CPU.Build.0 = Release|Any CPU
		{F5A38A65-F3BB-44D0-9D58-0EBC36487B5B}.Debug|Any CPU.ActiveCfg = Debug|Any CPU
		{F5A38A65-F3BB-44D0-9D58-0EBC36487B5B}.Debug|Any CPU.Build.0 = Debug|Any CPU
		{F5A38A65-F3BB-44D0-9D58-0EBC36487B5B}.Release|Any CPU.ActiveCfg = Release|Any CPU
		{F5A38A65-F3BB-44D0-9D58-0EBC36487B5B}.Release|Any CPU.Build.0 = Release|Any CPU
		{24F943E3-AA8D-44E2-A852-A3392F164F68}.Debug|Any CPU.ActiveCfg = Debug|Any CPU
		{24F943E3-AA8D-44E2-A852-A3392F164F68}.Debug|Any CPU.Build.0 = Debug|Any CPU
		{24F943E3-AA8D-44E2-A852-A3392F164F68}.Release|Any CPU.ActiveCfg = Release|Any CPU
		{24F943E3-AA8D-44E2-A852-A3392F164F68}.Release|Any CPU.Build.0 = Release|Any CPU
		{F7D890A6-B9EC-4BDD-B9D1-7B38517DE5C1}.Debug|Any CPU.ActiveCfg = Debug|Any CPU
		{F7D890A6-B9EC-4BDD-B9D1-7B38517DE5C1}.Debug|Any CPU.Build.0 = Debug|Any CPU
		{F7D890A6-B9EC-4BDD-B9D1-7B38517DE5C1}.Release|Any CPU.ActiveCfg = Release|Any CPU
		{F7D890A6-B9EC-4BDD-B9D1-7B38517DE5C1}.Release|Any CPU.Build.0 = Release|Any CPU
		{4E6F0EA5-0A81-4637-9153-CC1341682FF4}.Debug|Any CPU.ActiveCfg = Debug|Any CPU
		{4E6F0EA5-0A81-4637-9153-CC1341682FF4}.Debug|Any CPU.Build.0 = Debug|Any CPU
		{4E6F0EA5-0A81-4637-9153-CC1341682FF4}.Release|Any CPU.ActiveCfg = Release|Any CPU
		{4E6F0EA5-0A81-4637-9153-CC1341682FF4}.Release|Any CPU.Build.0 = Release|Any CPU
		{B643B9F1-3061-4D7F-AA90-1593723F8E6D}.Debug|Any CPU.ActiveCfg = Debug|Any CPU
		{B643B9F1-3061-4D7F-AA90-1593723F8E6D}.Debug|Any CPU.Build.0 = Debug|Any CPU
		{B643B9F1-3061-4D7F-AA90-1593723F8E6D}.Release|Any CPU.ActiveCfg = Release|Any CPU
		{B643B9F1-3061-4D7F-AA90-1593723F8E6D}.Release|Any CPU.Build.0 = Release|Any CPU
		{BACEC386-20A0-4B10-834F-2C9385475014}.Debug|Any CPU.ActiveCfg = Debug|Any CPU
		{BACEC386-20A0-4B10-834F-2C9385475014}.Debug|Any CPU.Build.0 = Debug|Any CPU
		{BACEC386-20A0-4B10-834F-2C9385475014}.Release|Any CPU.ActiveCfg = Release|Any CPU
		{BACEC386-20A0-4B10-834F-2C9385475014}.Release|Any CPU.Build.0 = Release|Any CPU
	EndGlobalSection
	GlobalSection(SolutionProperties) = preSolution
		HideSolutionNode = FALSE
	EndGlobalSection
	GlobalSection(NestedProjects) = preSolution
		{1209580A-3807-489E-A414-5BB936D413A7} = {047B1BFC-0058-44F3-904A-BD6FD13DEEE6}
		{6E7DC38C-19CB-49B6-8AC0-C89DE224E962} = {F5B079BD-FD1D-4183-9208-7C08A694CCA5}
		{45B82965-DD14-4562-AC8A-AB48AB205858} = {F5B079BD-FD1D-4183-9208-7C08A694CCA5}
		{FA4A27AD-07AF-4EF9-BA50-CA7D241F2AB7} = {F5B079BD-FD1D-4183-9208-7C08A694CCA5}
		{B8CCE2C6-98A6-4B50-9991-B42FC694E5E1} = {CA30BAA4-401D-45C8-9CB7-4EE3D1C64021}
		{3E71F22A-2789-4E5E-8D1D-CB233401AAF3} = {CA30BAA4-401D-45C8-9CB7-4EE3D1C64021}
		{FF167BDD-5C2C-46A6-AB72-B05F8F9A0C73} = {CA30BAA4-401D-45C8-9CB7-4EE3D1C64021}
		{B38D9EC6-D5A4-4615-81D6-EC9CAE5089D6} = {CA30BAA4-401D-45C8-9CB7-4EE3D1C64021}
		{F5BAA5D2-E99E-4CA0-A7AB-0C5596855751} = {6120EBAB-5555-45E4-98DE-729415030D18}
		{99922FC1-67DD-4E49-8C73-A361C094A37F} = {6120EBAB-5555-45E4-98DE-729415030D18}
		{F5D4D749-27A0-4ED0-885D-6F0D081FDBE2} = {6120EBAB-5555-45E4-98DE-729415030D18}
		{345460A1-0572-4F9F-BA48-DC460A94EEDA} = {72816962-9A4E-466E-94AD-C078F8F621C4}
		{10E06DFC-A599-4B9D-AEE4-919FCFCC8616} = {72816962-9A4E-466E-94AD-C078F8F621C4}
		{520F1D9E-7A16-4319-977D-07A6E8CC31C3} = {72816962-9A4E-466E-94AD-C078F8F621C4}
		{061F2AF9-4D4A-4138-97CA-3825D36EE8E0} = {72816962-9A4E-466E-94AD-C078F8F621C4}
		{F5A38A65-F3BB-44D0-9D58-0EBC36487B5B} = {72816962-9A4E-466E-94AD-C078F8F621C4}
		{24F943E3-AA8D-44E2-A852-A3392F164F68} = {72816962-9A4E-466E-94AD-C078F8F621C4}
		{F7D890A6-B9EC-4BDD-B9D1-7B38517DE5C1} = {BD824F09-78A4-4062-B67E-32DC54FC55BA}
		{4E6F0EA5-0A81-4637-9153-CC1341682FF4} = {1C44EDC1-DACD-4BA0-9105-5D70E5E67248}
		{B643B9F1-3061-4D7F-AA90-1593723F8E6D} = {047B1BFC-0058-44F3-904A-BD6FD13DEEE6}
		{BACEC386-20A0-4B10-834F-2C9385475014} = {047B1BFC-0058-44F3-904A-BD6FD13DEEE6}
	EndGlobalSection
	GlobalSection(ExtensibilityGlobals) = postSolution
		SolutionGuid = {E9B40E66-947A-4578-8637-5F627CF0E3B4}
	EndGlobalSection
EndGlobal
